// !$*UTF8*$!
{
	archiveVersion = 1;
	classes = {
	};
	objectVersion = 46;
	objects = {

/* Begin PBXBuildFile section */
		3F8938B01BF72CE900B3B19D /* main.m in Sources */ = {isa = PBXBuildFile; fileRef = 3F8938AF1BF72CE900B3B19D /* main.m */; };
		3F8938B31BF72CE900B3B19D /* AppDelegate.m in Sources */ = {isa = PBXBuildFile; fileRef = 3F8938B21BF72CE900B3B19D /* AppDelegate.m */; };
		3F8938B61BF72CE900B3B19D /* ViewController.m in Sources */ = {isa = PBXBuildFile; fileRef = 3F8938B51BF72CE900B3B19D /* ViewController.m */; };
		3F8938B91BF72CE900B3B19D /* Main.storyboard in Resources */ = {isa = PBXBuildFile; fileRef = 3F8938B71BF72CE900B3B19D /* Main.storyboard */; };
		3F8938BB1BF72CE900B3B19D /* Assets.xcassets in Resources */ = {isa = PBXBuildFile; fileRef = 3F8938BA1BF72CE900B3B19D /* Assets.xcassets */; };
		3F8938BE1BF72CE900B3B19D /* LaunchScreen.storyboard in Resources */ = {isa = PBXBuildFile; fileRef = 3F8938BC1BF72CE900B3B19D /* LaunchScreen.storyboard */; };
		3F8938C91BF72D0900B3B19D /* Banana.png in Resources */ = {isa = PBXBuildFile; fileRef = 3F8938C51BF72D0900B3B19D /* Banana.png */; settings = {ASSET_TAGS = (); }; };
		3F8938CA1BF72D0900B3B19D /* Orange.png in Resources */ = {isa = PBXBuildFile; fileRef = 3F8938C61BF72D0900B3B19D /* Orange.png */; settings = {ASSET_TAGS = (); }; };
		3F8938CB1BF72D0900B3B19D /* Peach.png in Resources */ = {isa = PBXBuildFile; fileRef = 3F8938C71BF72D0900B3B19D /* Peach.png */; settings = {ASSET_TAGS = (); }; };
		3F8938CC1BF72D0900B3B19D /* Strawberry.png in Resources */ = {isa = PBXBuildFile; fileRef = 3F8938C81BF72D0900B3B19D /* Strawberry.png */; settings = {ASSET_TAGS = (); }; };
/* End PBXBuildFile section */

/* Begin PBXFileReference section */
		3F8938AB1BF72CE900B3B19D /* UITableView.app */ = {isa = PBXFileReference; explicitFileType = wrapper.application; includeInIndex = 0; path = UITableView.app; sourceTree = BUILT_PRODUCTS_DIR; };
		3F8938AF1BF72CE900B3B19D /* main.m */ = {isa = PBXFileReference; lastKnownFileType = sourcecode.c.objc; path = main.m; sourceTree = "<group>"; };
		3F8938B11BF72CE900B3B19D /* AppDelegate.h */ = {isa = PBXFileReference; lastKnownFileType = sourcecode.c.h; path = AppDelegate.h; sourceTree = "<group>"; };
		3F8938B21BF72CE900B3B19D /* AppDelegate.m */ = {isa = PBXFileReference; lastKnownFileType = sourcecode.c.objc; path = AppDelegate.m; sourceTree = "<group>"; };
		3F8938B41BF72CE900B3B19D /* ViewController.h */ = {isa = PBXFileReference; lastKnownFileType = sourcecode.c.h; path = ViewController.h; sourceTree = "<group>"; };
		3F8938B51BF72CE900B3B19D /* ViewController.m */ = {isa = PBXFileReference; lastKnownFileType = sourcecode.c.objc; path = ViewController.m; sourceTree = "<group>"; };
		3F8938B81BF72CE900B3B19D /* Base */ = {isa = PBXFileReference; lastKnownFileType = file.storyboard; name = Base; path = Base.lproj/Main.storyboard; sourceTree = "<group>"; };
		3F8938BA1BF72CE900B3B19D /* Assets.xcassets */ = {isa = PBXFileReference; lastKnownFileType = folder.assetcatalog; path = Assets.xcassets; sourceTree = "<group>"; };
		3F8938BD1BF72CE900B3B19D /* Base */ = {isa = PBXFileReference; lastKnownFileType = file.storyboard; name = Base; path = Base.lproj/LaunchScreen.storyboard; sourceTree = "<group>"; };
		3F8938BF1BF72CE900B3B19D /* Info.plist */ = {isa = PBXFileReference; lastKnownFileType = text.plist.xml; path = Info.plist; sourceTree = "<group>"; };
		3F8938C51BF72D0900B3B19D /* Banana.png */ = {isa = PBXFileReference; lastKnownFileType = image.png; path = Banana.png; sourceTree = "<group>"; };
		3F8938C61BF72D0900B3B19D /* Orange.png */ = {isa = PBXFileReference; lastKnownFileType = image.png; path = Orange.png; sourceTree = "<group>"; };
		3F8938C71BF72D0900B3B19D /* Peach.png */ = {isa = PBXFileReference; lastKnownFileType = image.png; path = Peach.png; sourceTree = "<group>"; };
		3F8938C81BF72D0900B3B19D /* Strawberry.png */ = {isa = PBXFileReference; lastKnownFileType = image.png; path = Strawberry.png; sourceTree = "<group>"; };
/* End PBXFileReference section */

/* Begin PBXFrameworksBuildPhase section */
		3F8938A81BF72CE900B3B19D /* Frameworks */ = {
			isa = PBXFrameworksBuildPhase;
			buildActionMask = 2147483647;
			files = (
			);
			runOnlyForDeploymentPostprocessing = 0;
		};
/* End PBXFrameworksBuildPhase section */

/* Begin PBXGroup section */
		3F8938A21BF72CE900B3B19D = {
			isa = PBXGroup;
			children = (
				3F8938AD1BF72CE900B3B19D /* UITableView */,
				3F8938AC1BF72CE900B3B19D /* Products */,
			);
			sourceTree = "<group>";
		};
		3F8938AC1BF72CE900B3B19D /* Products */ = {
			isa = PBXGroup;
			children = (
				3F8938AB1BF72CE900B3B19D /* UITableView.app */,
			);
			name = Products;
			sourceTree = "<group>";
		};
		3F8938AD1BF72CE900B3B19D /* UITableView */ = {
			isa = PBXGroup;
			children = (
				3F8938C51BF72D0900B3B19D /* Banana.png */,
				3F8938C61BF72D0900B3B19D /* Orange.png */,
				3F8938C71BF72D0900B3B19D /* Peach.png */,
				3F8938C81BF72D0900B3B19D /* Strawberry.png */,
				3F8938B11BF72CE900B3B19D /* AppDelegate.h */,
				3F8938B21BF72CE900B3B19D /* AppDelegate.m */,
				3F8938B41BF72CE900B3B19D /* ViewController.h */,
				3F8938B51BF72CE900B3B19D /* ViewController.m */,
				3F8938B71BF72CE900B3B19D /* Main.storyboard */,
				3F8938BA1BF72CE900B3B19D /* Assets.xcassets */,
				3F8938BC1BF72CE900B3B19D /* LaunchScreen.storyboard */,
				3F8938BF1BF72CE900B3B19D /* Info.plist */,
				3F8938AE1BF72CE900B3B19D /* Supporting Files */,
			);
			path = UITableView;
			sourceTree = "<group>";
		};
		3F8938AE1BF72CE900B3B19D /* Supporting Files */ = {
			isa = PBXGroup;
			children = (
				3F8938AF1BF72CE900B3B19D /* main.m */,
			);
			name = "Supporting Files";
			sourceTree = "<group>";
		};
/* End PBXGroup section */

/* Begin PBXNativeTarget section */
		3F8938AA1BF72CE900B3B19D /* UITableView */ = {
			isa = PBXNativeTarget;
			buildConfigurationList = 3F8938C21BF72CE900B3B19D /* Build configuration list for PBXNativeTarget "UITableView" */;
			buildPhases = (
				3F8938A71BF72CE900B3B19D /* Sources */,
				3F8938A81BF72CE900B3B19D /* Frameworks */,
				3F8938A91BF72CE900B3B19D /* Resources */,
			);
			buildRules = (
			);
			dependencies = (
			);
			name = UITableView;
			productName = UITableView;
			productReference = 3F8938AB1BF72CE900B3B19D /* UITableView.app */;
			productType = "com.apple.product-type.application";
		};
/* End PBXNativeTarget section */

/* Begin PBXProject section */
		3F8938A31BF72CE900B3B19D /* Project object */ = {
			isa = PBXProject;
			attributes = {
				LastUpgradeCheck = 0700;
				ORGANIZATIONNAME = Techmaster;
				TargetAttributes = {
					3F8938AA1BF72CE900B3B19D = {
						CreatedOnToolsVersion = 7.0;
					};
				};
			};
			buildConfigurationList = 3F8938A61BF72CE900B3B19D /* Build configuration list for PBXProject "UITableView" */;
			compatibilityVersion = "Xcode 3.2";
			developmentRegion = English;
			hasScannedForEncodings = 0;
			knownRegions = (
				en,
				Base,
			);
			mainGroup = 3F8938A21BF72CE900B3B19D;
			productRefGroup = 3F8938AC1BF72CE900B3B19D /* Products */;
			projectDirPath = "";
			projectRoot = "";
			targets = (
				3F8938AA1BF72CE900B3B19D /* UITableView */,
			);
		};
/* End PBXProject section */

/* Begin PBXResourcesBuildPhase section */
		3F8938A91BF72CE900B3B19D /* Resources */ = {
			isa = PBXResourcesBuildPhase;
			buildActionMask = 2147483647;
			files = (
				3F8938BE1BF72CE900B3B19D /* LaunchScreen.storyboard in Resources */,
				3F8938CC1BF72D0900B3B19D /* Strawberry.png in Resources */,
				3F8938CA1BF72D0900B3B19D /* Orange.png in Resources */,
				3F8938BB1BF72CE900B3B19D /* Assets.xcassets in Resources */,
				3F8938CB1BF72D0900B3B19D /* Peach.png in Resources */,
				3F8938C91BF72D0900B3B19D /* Banana.png in Resources */,
				3F8938B91BF72CE900B3B19D /* Main.storyboard in Resources */,
			);
			runOnlyForDeploymentPostprocessing = 0;
		};
/* End PBXResourcesBuildPhase section */

/* Begin PBXSourcesBuildPhase section */
		3F8938A71BF72CE900B3B19D /* Sources */ = {
			isa = PBXSourcesBuildPhase;
			buildActionMask = 2147483647;
			files = (
				3F8938B61BF72CE900B3B19D /* ViewController.m in Sources */,
				3F8938B31BF72CE900B3B19D /* AppDelegate.m in Sources */,
				3F8938B01BF72CE900B3B19D /* main.m in Sources */,
			);
			runOnlyForDeploymentPostprocessing = 0;
		};
/* End PBXSourcesBuildPhase section */

/* Begin PBXVariantGroup section */
		3F8938B71BF72CE900B3B19D /* Main.storyboard */ = {
			isa = PBXVariantGroup;
			children = (
				3F8938B81BF72CE900B3B19D /* Base */,
			);
			name = Main.storyboard;
			sourceTree = "<group>";
		};
		3F8938BC1BF72CE900B3B19D /* LaunchScreen.storyboard */ = {
			isa = PBXVariantGroup;
			children = (
				3F8938BD1BF72CE900B3B19D /* Base */,
			);
			name = LaunchScreen.storyboard;
			sourceTree = "<group>";
		};
/* End PBXVariantGroup section */

/* Begin XCBuildConfiguration section */
		3F8938C01BF72CE900B3B19D /* Debug */ = {
			isa = XCBuildConfiguration;
			buildSettings = {
				ALWAYS_SEARCH_USER_PATHS = NO;
				CLANG_CXX_LANGUAGE_STANDARD = "gnu++0x";
				CLANG_CXX_LIBRARY = "libc++";
				CLANG_ENABLE_MODULES = YES;
				CLANG_ENABLE_OBJC_ARC = YES;
				CLANG_WARN_BOOL_CONVERSION = YES;
				CLANG_WARN_CONSTANT_CONVERSION = YES;
				CLANG_WARN_DIRECT_OBJC_ISA_USAGE = YES_ERROR;
				CLANG_WARN_EMPTY_BODY = YES;
				CLANG_WARN_ENUM_CONVERSION = YES;
				CLANG_WARN_INT_CONVERSION = YES;
				CLANG_WARN_OBJC_ROOT_CLASS = YES_ERROR;
				CLANG_WARN_UNREACHABLE_CODE = YES;
				CLANG_WARN__DUPLICATE_METHOD_MATCH = YES;
				"CODE_SIGN_IDENTITY[sdk=iphoneos*]" = "iPhone Developer";
				COPY_PHASE_STRIP = NO;
				DEBUG_INFORMATION_FORMAT = dwarf;
				ENABLE_STRICT_OBJC_MSGSEND = YES;
				ENABLE_TESTABILITY = YES;
				GCC_C_LANGUAGE_STANDARD = gnu99;
				GCC_DYNAMIC_NO_PIC = NO;
				GCC_NO_COMMON_BLOCKS = YES;
				GCC_OPTIMIZATION_LEVEL = 0;
				GCC_PREPROCESSOR_DEFINITIONS = (
					"DEBUG=1",
					"$(inherited)",
				);
				GCC_WARN_64_TO_32_BIT_CONVERSION = YES;
				GCC_WARN_ABOUT_RETURN_TYPE = YES_ERROR;
				GCC_WARN_UNDECLARED_SELECTOR = YES;
				GCC_WARN_UNINITIALIZED_AUTOS = YES_AGGRESSIVE;
				GCC_WARN_UNUSED_FUNCTION = YES;
				GCC_WARN_UNUSED_VARIABLE = YES;
				IPHONEOS_DEPLOYMENT_TARGET = 9.0;
				MTL_ENABLE_DEBUG_INFO = YES;
				ONLY_ACTIVE_ARCH = YES;
				SDKROOT = iphoneos;
			};
			name = Debug;
		};
		3F8938C11BF72CE900B3B19D /* Release */ = {
			isa = XCBuildConfiguration;
			buildSettings = {
				ALWAYS_SEARCH_USER_PATHS = NO;
				CLANG_CXX_LANGUAGE_STANDARD = "gnu++0x";
				CLANG_CXX_LIBRARY = "libc++";
				CLANG_ENABLE_MODULES = YES;
				CLANG_ENABLE_OBJC_ARC = YES;
				CLANG_WARN_BOOL_CONVERSION = YES;
				CLANG_WARN_CONSTANT_CONVERSION = YES;
				CLANG_WARN_DIRECT_OBJC_ISA_USAGE = YES_ERROR;
				CLANG_WARN_EMPTY_BODY = YES;
				CLANG_WARN_ENUM_CONVERSION = YES;
				CLANG_WARN_INT_CONVERSION = YES;
				CLANG_WARN_OBJC_ROOT_CLASS = YES_ERROR;
				CLANG_WARN_UNREACHABLE_CODE = YES;
				CLANG_WARN__DUPLICATE_METHOD_MATCH = YES;
				"CODE_SIGN_IDENTITY[sdk=iphoneos*]" = "iPhone Developer";
				COPY_PHASE_STRIP = NO;
				DEBUG_INFORMATION_FORMAT = "dwarf-with-dsym";
				ENABLE_NS_ASSERTIONS = NO;
				ENABLE_STRICT_OBJC_MSGSEND = YES;
				GCC_C_LANGUAGE_STANDARD = gnu99;
				GCC_NO_COMMON_BLOCKS = YES;
				GCC_WARN_64_TO_32_BIT_CONVERSION = YES;
				GCC_WARN_ABOUT_RETURN_TYPE = YES_ERROR;
				GCC_WARN_UNDECLARED_SELECTOR = YES;
				GCC_WARN_UNINITIALIZED_AUTOS = YES_AGGRESSIVE;
				GCC_WARN_UNUSED_FUNCTION = YES;
				GCC_WARN_UNUSED_VARIABLE = YES;
				IPHONEOS_DEPLOYMENT_TARGET = 9.0;
				MTL_ENABLE_DEBUG_INFO = NO;
				SDKROOT = iphoneos;
				VALIDATE_PRODUCT = YES;
			};
			name = Release;
		};
		3F8938C31BF72CE900B3B19D /* Debug */ = {
			isa = XCBuildConfiguration;
			buildSettings = {
				ASSETCATALOG_COMPILER_APPICON_NAME = AppIcon;
				INFOPLIST_FILE = UITableView/Info.plist;
				LD_RUNPATH_SEARCH_PATHS = "$(inherited) @executable_path/Frameworks";
				PRODUCT_BUNDLE_IDENTIFIER = vn.techmaster.UITableView;
				PRODUCT_NAME = "$(TARGET_NAME)";
			};
			name = Debug;
		};
		3F8938C41BF72CE900B3B19D /* Release */ = {
			isa = XCBuildConfiguration;
			buildSettings = {
				ASSETCATALOG_COMPILER_APPICON_NAME = AppIcon;
				INFOPLIST_FILE = UITableView/Info.plist;
				LD_RUNPATH_SEARCH_PATHS = "$(inherited) @executable_path/Frameworks";
				PRODUCT_BUNDLE_IDENTIFIER = vn.techmaster.UITableView;
				PRODUCT_NAME = "$(TARGET_NAME)";
			};
			name = Release;
		};
/* End XCBuildConfiguration section */

/* Begin XCConfigurationList section */
		3F8938A61BF72CE900B3B19D /* Build configuration list for PBXProject "UITableView" */ = {
			isa = XCConfigurationList;
			buildConfigurations = (
				3F8938C01BF72CE900B3B19D /* Debug */,
				3F8938C11BF72CE900B3B19D /* Release */,
			);
			defaultConfigurationIsVisible = 0;
			defaultConfigurationName = Release;
		};
		3F8938C21BF72CE900B3B19D /* Build configuration list for PBXNativeTarget "UITableView" */ = {
			isa = XCConfigurationList;
			buildConfigurations = (
				3F8938C31BF72CE900B3B19D /* Debug */,
				3F8938C41BF72CE900B3B19D /* Release */,
			);
			defaultConfigurationIsVisible = 0;
		};
/* End XCConfigurationList section */
	};
	rootObject = 3F8938A31BF72CE900B3B19D /* Project object */;
}
